// !$*UTF8*$!
{
	archiveVersion = 1;
	classes = {
	};
	objectVersion = 50;
	objects = {

/* Begin PBXBuildFile section */
		AC3D441527FDE87C00E4B8E0 /* TextViews.swift in Sources */ = {isa = PBXBuildFile; fileRef = AC3D441427FDE87C00E4B8E0 /* TextViews.swift */; };
		AC3D441927FDF0FB00E4B8E0 /* Shapes.swift in Sources */ = {isa = PBXBuildFile; fileRef = AC3D441827FDF0FB00E4B8E0 /* Shapes.swift */; };
		AC3D441D27FDF73800E4B8E0 /* RoundedViews.swift in Sources */ = {isa = PBXBuildFile; fileRef = AC3D441C27FDF73800E4B8E0 /* RoundedViews.swift */; };
		AC3D442127FDFA6900E4B8E0 /* BackgroundView.swift in Sources */ = {isa = PBXBuildFile; fileRef = AC3D442027FDFA6900E4B8E0 /* BackgroundView.swift */; };
		AC46E61228047F8A0079BAB8 /* LeaderboardView.swift in Sources */ = {isa = PBXBuildFile; fileRef = AC46E61128047F8A0079BAB8 /* LeaderboardView.swift */; };
		AC90003B27F648B600BDBC92 /* Game.swift in Sources */ = {isa = PBXBuildFile; fileRef = AC90003A27F648B600BDBC92 /* Game.swift */; };
		ACC12C532800933C00A73DD1 /* PointsView.swift in Sources */ = {isa = PBXBuildFile; fileRef = ACC12C522800933C00A73DD1 /* PointsView.swift */; };
		ACC12C5728009B0400A73DD1 /* Constants.swift in Sources */ = {isa = PBXBuildFile; fileRef = ACC12C5628009B0400A73DD1 /* Constants.swift */; };
		ACE962E227F4BFE000F07DE0 /* BullseyeApp.swift in Sources */ = {isa = PBXBuildFile; fileRef = ACE962E127F4BFE000F07DE0 /* BullseyeApp.swift */; };
		ACE962E427F4BFE000F07DE0 /* ContentView.swift in Sources */ = {isa = PBXBuildFile; fileRef = ACE962E327F4BFE000F07DE0 /* ContentView.swift */; };
		ACE962E627F4BFE600F07DE0 /* Assets.xcassets in Resources */ = {isa = PBXBuildFile; fileRef = ACE962E527F4BFE600F07DE0 /* Assets.xcassets */; };
		ACE962E927F4BFE600F07DE0 /* Preview Assets.xcassets in Resources */ = {isa = PBXBuildFile; fileRef = ACE962E827F4BFE600F07DE0 /* Preview Assets.xcassets */; };
		ACEF422C27FB44000006104A /* BullseyeTests.swift in Sources */ = {isa = PBXBuildFile; fileRef = ACEF422B27FB44000006104A /* BullseyeTests.swift */; };
/* End PBXBuildFile section */

/* Begin PBXContainerItemProxy section */
		ACEF422E27FB44000006104A /* PBXContainerItemProxy */ = {
			isa = PBXContainerItemProxy;
			containerPortal = ACE962D627F4BFE000F07DE0 /* Project object */;
			proxyType = 1;
			remoteGlobalIDString = ACE962DD27F4BFE000F07DE0;
			remoteInfo = Bullseye;
		};
/* End PBXContainerItemProxy section */

/* Begin PBXFileReference section */
		AC3D441427FDE87C00E4B8E0 /* TextViews.swift */ = {isa = PBXFileReference; lastKnownFileType = sourcecode.swift; path = TextViews.swift; sourceTree = "<group>"; };
		AC3D441827FDF0FB00E4B8E0 /* Shapes.swift */ = {isa = PBXFileReference; lastKnownFileType = sourcecode.swift; path = Shapes.swift; sourceTree = "<group>"; };
		AC3D441C27FDF73800E4B8E0 /* RoundedViews.swift */ = {isa = PBXFileReference; lastKnownFileType = sourcecode.swift; path = RoundedViews.swift; sourceTree = "<group>"; };
		AC3D442027FDFA6900E4B8E0 /* BackgroundView.swift */ = {isa = PBXFileReference; lastKnownFileType = sourcecode.swift; path = BackgroundView.swift; sourceTree = "<group>"; };
		AC46E61128047F8A0079BAB8 /* LeaderboardView.swift */ = {isa = PBXFileReference; lastKnownFileType = sourcecode.swift; path = LeaderboardView.swift; sourceTree = "<group>"; };
		AC90003A27F648B600BDBC92 /* Game.swift */ = {isa = PBXFileReference; lastKnownFileType = sourcecode.swift; path = Game.swift; sourceTree = "<group>"; };
		ACC12C522800933C00A73DD1 /* PointsView.swift */ = {isa = PBXFileReference; lastKnownFileType = sourcecode.swift; path = PointsView.swift; sourceTree = "<group>"; };
		ACC12C5628009B0400A73DD1 /* Constants.swift */ = {isa = PBXFileReference; lastKnownFileType = sourcecode.swift; path = Constants.swift; sourceTree = "<group>"; };
		ACE962DE27F4BFE000F07DE0 /* Bullseye.app */ = {isa = PBXFileReference; explicitFileType = wrapper.application; includeInIndex = 0; path = Bullseye.app; sourceTree = BUILT_PRODUCTS_DIR; };
		ACE962E127F4BFE000F07DE0 /* BullseyeApp.swift */ = {isa = PBXFileReference; lastKnownFileType = sourcecode.swift; path = BullseyeApp.swift; sourceTree = "<group>"; };
		ACE962E327F4BFE000F07DE0 /* ContentView.swift */ = {isa = PBXFileReference; lastKnownFileType = sourcecode.swift; path = ContentView.swift; sourceTree = "<group>"; };
		ACE962E527F4BFE600F07DE0 /* Assets.xcassets */ = {isa = PBXFileReference; lastKnownFileType = folder.assetcatalog; path = Assets.xcassets; sourceTree = "<group>"; };
		ACE962E827F4BFE600F07DE0 /* Preview Assets.xcassets */ = {isa = PBXFileReference; lastKnownFileType = folder.assetcatalog; path = "Preview Assets.xcassets"; sourceTree = "<group>"; };
		ACE962EA27F4BFE600F07DE0 /* Info.plist */ = {isa = PBXFileReference; lastKnownFileType = text.plist.xml; path = Info.plist; sourceTree = "<group>"; };
		ACEF422927FB44000006104A /* BullseyeTests.xctest */ = {isa = PBXFileReference; explicitFileType = wrapper.cfbundle; includeInIndex = 0; path = BullseyeTests.xctest; sourceTree = BUILT_PRODUCTS_DIR; };
		ACEF422B27FB44000006104A /* BullseyeTests.swift */ = {isa = PBXFileReference; lastKnownFileType = sourcecode.swift; path = BullseyeTests.swift; sourceTree = "<group>"; };
		ACEF422D27FB44000006104A /* Info.plist */ = {isa = PBXFileReference; lastKnownFileType = text.plist.xml; path = Info.plist; sourceTree = "<group>"; };
/* End PBXFileReference section */

/* Begin PBXFrameworksBuildPhase section */
		ACE962DB27F4BFE000F07DE0 /* Frameworks */ = {
			isa = PBXFrameworksBuildPhase;
			buildActionMask = 2147483647;
			files = (
			);
			runOnlyForDeploymentPostprocessing = 0;
		};
		ACEF422627FB44000006104A /* Frameworks */ = {
			isa = PBXFrameworksBuildPhase;
			buildActionMask = 2147483647;
			files = (
			);
			runOnlyForDeploymentPostprocessing = 0;
		};
/* End PBXFrameworksBuildPhase section */

/* Begin PBXGroup section */
		AC90003527F6482A00BDBC92 /* Models */ = {
			isa = PBXGroup;
			children = (
				AC90003A27F648B600BDBC92 /* Game.swift */,
				ACC12C5628009B0400A73DD1 /* Constants.swift */,
			);
			path = Models;
			sourceTree = "<group>";
		};
		AC90003627F6483200BDBC92 /* Views */ = {
			isa = PBXGroup;
			children = (
				ACE962E327F4BFE000F07DE0 /* ContentView.swift */,
				AC3D441427FDE87C00E4B8E0 /* TextViews.swift */,
				AC3D441827FDF0FB00E4B8E0 /* Shapes.swift */,
				AC3D441C27FDF73800E4B8E0 /* RoundedViews.swift */,
				AC3D442027FDFA6900E4B8E0 /* BackgroundView.swift */,
				ACC12C522800933C00A73DD1 /* PointsView.swift */,
				AC46E61128047F8A0079BAB8 /* LeaderboardView.swift */,
			);
			path = Views;
			sourceTree = "<group>";
		};
		AC90003727F6484E00BDBC92 /* App */ = {
			isa = PBXGroup;
			children = (
				ACE962E127F4BFE000F07DE0 /* BullseyeApp.swift */,
				ACE962E527F4BFE600F07DE0 /* Assets.xcassets */,
				ACE962EA27F4BFE600F07DE0 /* Info.plist */,
			);
			path = App;
			sourceTree = "<group>";
		};
		ACE962D527F4BFE000F07DE0 = {
			isa = PBXGroup;
			children = (
				ACE962E027F4BFE000F07DE0 /* Bullseye */,
				ACEF422A27FB44000006104A /* BullseyeTests */,
				ACE962DF27F4BFE000F07DE0 /* Products */,
			);
			sourceTree = "<group>";
		};
		ACE962DF27F4BFE000F07DE0 /* Products */ = {
			isa = PBXGroup;
			children = (
				ACE962DE27F4BFE000F07DE0 /* Bullseye.app */,
				ACEF422927FB44000006104A /* BullseyeTests.xctest */,
			);
			name = Products;
			sourceTree = "<group>";
		};
		ACE962E027F4BFE000F07DE0 /* Bullseye */ = {
			isa = PBXGroup;
			children = (
				AC90003727F6484E00BDBC92 /* App */,
				AC90003627F6483200BDBC92 /* Views */,
				AC90003527F6482A00BDBC92 /* Models */,
				ACE962E727F4BFE600F07DE0 /* Preview Content */,
			);
			path = Bullseye;
			sourceTree = "<group>";
		};
		ACE962E727F4BFE600F07DE0 /* Preview Content */ = {
			isa = PBXGroup;
			children = (
				ACE962E827F4BFE600F07DE0 /* Preview Assets.xcassets */,
			);
			path = "Preview Content";
			sourceTree = "<group>";
		};
		ACEF422A27FB44000006104A /* BullseyeTests */ = {
			isa = PBXGroup;
			children = (
				ACEF422B27FB44000006104A /* BullseyeTests.swift */,
				ACEF422D27FB44000006104A /* Info.plist */,
			);
			path = BullseyeTests;
			sourceTree = "<group>";
		};
/* End PBXGroup section */

/* Begin PBXNativeTarget section */
		ACE962DD27F4BFE000F07DE0 /* Bullseye */ = {
			isa = PBXNativeTarget;
			buildConfigurationList = ACE962ED27F4BFE600F07DE0 /* Build configuration list for PBXNativeTarget "Bullseye" */;
			buildPhases = (
				ACE962DA27F4BFE000F07DE0 /* Sources */,
				ACE962DB27F4BFE000F07DE0 /* Frameworks */,
				ACE962DC27F4BFE000F07DE0 /* Resources */,
			);
			buildRules = (
			);
			dependencies = (
			);
			name = Bullseye;
			productName = Bullseye;
			productReference = ACE962DE27F4BFE000F07DE0 /* Bullseye.app */;
			productType = "com.apple.product-type.application";
		};
		ACEF422827FB44000006104A /* BullseyeTests */ = {
			isa = PBXNativeTarget;
			buildConfigurationList = ACEF423227FB44000006104A /* Build configuration list for PBXNativeTarget "BullseyeTests" */;
			buildPhases = (
				ACEF422527FB44000006104A /* Sources */,
				ACEF422627FB44000006104A /* Frameworks */,
				ACEF422727FB44000006104A /* Resources */,
			);
			buildRules = (
			);
			dependencies = (
				ACEF422F27FB44000006104A /* PBXTargetDependency */,
			);
			name = BullseyeTests;
			productName = BullseyeTests;
			productReference = ACEF422927FB44000006104A /* BullseyeTests.xctest */;
			productType = "com.apple.product-type.bundle.unit-test";
		};
/* End PBXNativeTarget section */

/* Begin PBXProject section */
		ACE962D627F4BFE000F07DE0 /* Project object */ = {
			isa = PBXProject;
			attributes = {
				LastSwiftUpdateCheck = 1240;
				LastUpgradeCheck = 1240;
				TargetAttributes = {
					ACE962DD27F4BFE000F07DE0 = {
						CreatedOnToolsVersion = 12.4;
					};
					ACEF422827FB44000006104A = {
						CreatedOnToolsVersion = 12.4;
						TestTargetID = ACE962DD27F4BFE000F07DE0;
					};
				};
			};
			buildConfigurationList = ACE962D927F4BFE000F07DE0 /* Build configuration list for PBXProject "Bullseye" */;
			compatibilityVersion = "Xcode 9.3";
			developmentRegion = en;
			hasScannedForEncodings = 0;
			knownRegions = (
				en,
				Base,
			);
			mainGroup = ACE962D527F4BFE000F07DE0;
			productRefGroup = ACE962DF27F4BFE000F07DE0 /* Products */;
			projectDirPath = "";
			projectRoot = "";
			targets = (
				ACE962DD27F4BFE000F07DE0 /* Bullseye */,
				ACEF422827FB44000006104A /* BullseyeTests */,
			);
		};
/* End PBXProject section */

/* Begin PBXResourcesBuildPhase section */
		ACE962DC27F4BFE000F07DE0 /* Resources */ = {
			isa = PBXResourcesBuildPhase;
			buildActionMask = 2147483647;
			files = (
				ACE962E927F4BFE600F07DE0 /* Preview Assets.xcassets in Resources */,
				ACE962E627F4BFE600F07DE0 /* Assets.xcassets in Resources */,
			);
			runOnlyForDeploymentPostprocessing = 0;
		};
		ACEF422727FB44000006104A /* Resources */ = {
			isa = PBXResourcesBuildPhase;
			buildActionMask = 2147483647;
			files = (
			);
			runOnlyForDeploymentPostprocessing = 0;
		};
/* End PBXResourcesBuildPhase section */

/* Begin PBXSourcesBuildPhase section */
		ACE962DA27F4BFE000F07DE0 /* Sources */ = {
			isa = PBXSourcesBuildPhase;
			buildActionMask = 2147483647;
			files = (
				AC46E61228047F8A0079BAB8 /* LeaderboardView.swift in Sources */,
				AC3D441D27FDF73800E4B8E0 /* RoundedViews.swift in Sources */,
				ACE962E427F4BFE000F07DE0 /* ContentView.swift in Sources */,
				AC3D441527FDE87C00E4B8E0 /* TextViews.swift in Sources */,
				ACC12C532800933C00A73DD1 /* PointsView.swift in Sources */,
				AC3D442127FDFA6900E4B8E0 /* BackgroundView.swift in Sources */,
				AC3D441927FDF0FB00E4B8E0 /* Shapes.swift in Sources */,
				ACC12C5728009B0400A73DD1 /* Constants.swift in Sources */,
				AC90003B27F648B600BDBC92 /* Game.swift in Sources */,
				ACE962E227F4BFE000F07DE0 /* BullseyeApp.swift in Sources */,
			);
			runOnlyForDeploymentPostprocessing = 0;
		};
		ACEF422527FB44000006104A /* Sources */ = {
			isa = PBXSourcesBuildPhase;
			buildActionMask = 2147483647;
			files = (
				ACEF422C27FB44000006104A /* BullseyeTests.swift in Sources */,
			);
			runOnlyForDeploymentPostprocessing = 0;
		};
/* End PBXSourcesBuildPhase section */

/* Begin PBXTargetDependency section */
		ACEF422F27FB44000006104A /* PBXTargetDependency */ = {
			isa = PBXTargetDependency;
			target = ACE962DD27F4BFE000F07DE0 /* Bullseye */;
			targetProxy = ACEF422E27FB44000006104A /* PBXContainerItemProxy */;
		};
/* End PBXTargetDependency section */

/* Begin XCBuildConfiguration section */
		ACE962EB27F4BFE600F07DE0 /* Debug */ = {
			isa = XCBuildConfiguration;
			buildSettings = {
				ALWAYS_SEARCH_USER_PATHS = NO;
				CLANG_ANALYZER_NONNULL = YES;
				CLANG_ANALYZER_NUMBER_OBJECT_CONVERSION = YES_AGGRESSIVE;
				CLANG_CXX_LANGUAGE_STANDARD = "gnu++14";
				CLANG_CXX_LIBRARY = "libc++";
				CLANG_ENABLE_MODULES = YES;
				CLANG_ENABLE_OBJC_ARC = YES;
				CLANG_ENABLE_OBJC_WEAK = YES;
				CLANG_WARN_BLOCK_CAPTURE_AUTORELEASING = YES;
				CLANG_WARN_BOOL_CONVERSION = YES;
				CLANG_WARN_COMMA = YES;
				CLANG_WARN_CONSTANT_CONVERSION = YES;
				CLANG_WARN_DEPRECATED_OBJC_IMPLEMENTATIONS = YES;
				CLANG_WARN_DIRECT_OBJC_ISA_USAGE = YES_ERROR;
				CLANG_WARN_DOCUMENTATION_COMMENTS = YES;
				CLANG_WARN_EMPTY_BODY = YES;
				CLANG_WARN_ENUM_CONVERSION = YES;
				CLANG_WARN_INFINITE_RECURSION = YES;
				CLANG_WARN_INT_CONVERSION = YES;
				CLANG_WARN_NON_LITERAL_NULL_CONVERSION = YES;
				CLANG_WARN_OBJC_IMPLICIT_RETAIN_SELF = YES;
				CLANG_WARN_OBJC_LITERAL_CONVERSION = YES;
				CLANG_WARN_OBJC_ROOT_CLASS = YES_ERROR;
				CLANG_WARN_QUOTED_INCLUDE_IN_FRAMEWORK_HEADER = YES;
				CLANG_WARN_RANGE_LOOP_ANALYSIS = YES;
				CLANG_WARN_STRICT_PROTOTYPES = YES;
				CLANG_WARN_SUSPICIOUS_MOVE = YES;
				CLANG_WARN_UNGUARDED_AVAILABILITY = YES_AGGRESSIVE;
				CLANG_WARN_UNREACHABLE_CODE = YES;
				CLANG_WARN__DUPLICATE_METHOD_MATCH = YES;
				COPY_PHASE_STRIP = NO;
				DEBUG_INFORMATION_FORMAT = dwarf;
				ENABLE_STRICT_OBJC_MSGSEND = YES;
				ENABLE_TESTABILITY = YES;
				GCC_C_LANGUAGE_STANDARD = gnu11;
				GCC_DYNAMIC_NO_PIC = NO;
				GCC_NO_COMMON_BLOCKS = YES;
				GCC_OPTIMIZATION_LEVEL = 0;
				GCC_PREPROCESSOR_DEFINITIONS = (
					"DEBUG=1",
					"$(inherited)",
				);
				GCC_WARN_64_TO_32_BIT_CONVERSION = YES;
				GCC_WARN_ABOUT_RETURN_TYPE = YES_ERROR;
				GCC_WARN_UNDECLARED_SELECTOR = YES;
				GCC_WARN_UNINITIALIZED_AUTOS = YES_AGGRESSIVE;
				GCC_WARN_UNUSED_FUNCTION = YES;
				GCC_WARN_UNUSED_VARIABLE = YES;
				IPHONEOS_DEPLOYMENT_TARGET = 14.4;
				MTL_ENABLE_DEBUG_INFO = INCLUDE_SOURCE;
				MTL_FAST_MATH = YES;
				ONLY_ACTIVE_ARCH = YES;
				SDKROOT = iphoneos;
				SWIFT_ACTIVE_COMPILATION_CONDITIONS = DEBUG;
				SWIFT_OPTIMIZATION_LEVEL = "-Onone";
			};
			name = Debug;
		};
		ACE962EC27F4BFE600F07DE0 /* Release */ = {
			isa = XCBuildConfiguration;
			buildSettings = {
				ALWAYS_SEARCH_USER_PATHS = NO;
				CLANG_ANALYZER_NONNULL = YES;
				CLANG_ANALYZER_NUMBER_OBJECT_CONVERSION = YES_AGGRESSIVE;
				CLANG_CXX_LANGUAGE_STANDARD = "gnu++14";
				CLANG_CXX_LIBRARY = "libc++";
				CLANG_ENABLE_MODULES = YES;
				CLANG_ENABLE_OBJC_ARC = YES;
				CLANG_ENABLE_OBJC_WEAK = YES;
				CLANG_WARN_BLOCK_CAPTURE_AUTORELEASING = YES;
				CLANG_WARN_BOOL_CONVERSION = YES;
				CLANG_WARN_COMMA = YES;
				CLANG_WARN_CONSTANT_CONVERSION = YES;
				CLANG_WARN_DEPRECATED_OBJC_IMPLEMENTATIONS = YES;
				CLANG_WARN_DIRECT_OBJC_ISA_USAGE = YES_ERROR;
				CLANG_WARN_DOCUMENTATION_COMMENTS = YES;
				CLANG_WARN_EMPTY_BODY = YES;
				CLANG_WARN_ENUM_CONVERSION = YES;
				CLANG_WARN_INFINITE_RECURSION = YES;
				CLANG_WARN_INT_CONVERSION = YES;
				CLANG_WARN_NON_LITERAL_NULL_CONVERSION = YES;
				CLANG_WARN_OBJC_IMPLICIT_RETAIN_SELF = YES;
				CLANG_WARN_OBJC_LITERAL_CONVERSION = YES;
				CLANG_WARN_OBJC_ROOT_CLASS = YES_ERROR;
				CLANG_WARN_QUOTED_INCLUDE_IN_FRAMEWORK_HEADER = YES;
				CLANG_WARN_RANGE_LOOP_ANALYSIS = YES;
				CLANG_WARN_STRICT_PROTOTYPES = YES;
				CLANG_WARN_SUSPICIOUS_MOVE = YES;
				CLANG_WARN_UNGUARDED_AVAILABILITY = YES_AGGRESSIVE;
				CLANG_WARN_UNREACHABLE_CODE = YES;
				CLANG_WARN__DUPLICATE_METHOD_MATCH = YES;
				COPY_PHASE_STRIP = NO;
				DEBUG_INFORMATION_FORMAT = "dwarf-with-dsym";
				ENABLE_NS_ASSERTIONS = NO;
				ENABLE_STRICT_OBJC_MSGSEND = YES;
				GCC_C_LANGUAGE_STANDARD = gnu11;
				GCC_NO_COMMON_BLOCKS = YES;
				GCC_WARN_64_TO_32_BIT_CONVERSION = YES;
				GCC_WARN_ABOUT_RETURN_TYPE = YES_ERROR;
				GCC_WARN_UNDECLARED_SELECTOR = YES;
				GCC_WARN_UNINITIALIZED_AUTOS = YES_AGGRESSIVE;
				GCC_WARN_UNUSED_FUNCTION = YES;
				GCC_WARN_UNUSED_VARIABLE = YES;
				IPHONEOS_DEPLOYMENT_TARGET = 14.4;
				MTL_ENABLE_DEBUG_INFO = NO;
				MTL_FAST_MATH = YES;
				SDKROOT = iphoneos;
				SWIFT_COMPILATION_MODE = wholemodule;
				SWIFT_OPTIMIZATION_LEVEL = "-O";
				VALIDATE_PRODUCT = YES;
			};
			name = Release;
		};
		ACE962EE27F4BFE600F07DE0 /* Debug */ = {
			isa = XCBuildConfiguration;
			buildSettings = {
				ASSETCATALOG_COMPILER_APPICON_NAME = AppIcon;
				ASSETCATALOG_COMPILER_GLOBAL_ACCENT_COLOR_NAME = AccentColor;
				CODE_SIGN_STYLE = Automatic;
				DEVELOPMENT_ASSET_PATHS = "\"Bullseye/Preview Content\"";
				ENABLE_PREVIEWS = YES;
				INFOPLIST_FILE = Bullseye/App/Info.plist;
				IPHONEOS_DEPLOYMENT_TARGET = 14.0;
				LD_RUNPATH_SEARCH_PATHS = (
					"$(inherited)",
					"@executable_path/Frameworks",
				);
				PRODUCT_BUNDLE_IDENTIFIER = com.mikeorr.Bullseye;
				PRODUCT_NAME = "$(TARGET_NAME)";
				SWIFT_VERSION = 5.0;
				TARGETED_DEVICE_FAMILY = "1,2";
			};
			name = Debug;
		};
		ACE962EF27F4BFE600F07DE0 /* Release */ = {
			isa = XCBuildConfiguration;
			buildSettings = {
				ASSETCATALOG_COMPILER_APPICON_NAME = AppIcon;
				ASSETCATALOG_COMPILER_GLOBAL_ACCENT_COLOR_NAME = AccentColor;
				CODE_SIGN_STYLE = Automatic;
				DEVELOPMENT_ASSET_PATHS = "\"Bullseye/Preview Content\"";
				ENABLE_PREVIEWS = YES;
				INFOPLIST_FILE = Bullseye/App/Info.plist;
				IPHONEOS_DEPLOYMENT_TARGET = 14.0;
				LD_RUNPATH_SEARCH_PATHS = (
					"$(inherited)",
					"@executable_path/Frameworks",
				);
				PRODUCT_BUNDLE_IDENTIFIER = com.mikeorr.Bullseye;
				PRODUCT_NAME = "$(TARGET_NAME)";
				SWIFT_VERSION = 5.0;
				TARGETED_DEVICE_FAMILY = "1,2";
			};
			name = Release;
		};
		ACEF423027FB44000006104A /* Debug */ = {
			isa = XCBuildConfiguration;
			buildSettings = {
				BUNDLE_LOADER = "$(TEST_HOST)";
				CODE_SIGN_STYLE = Automatic;
				INFOPLIST_FILE = BullseyeTests/Info.plist;
				LD_RUNPATH_SEARCH_PATHS = (
					"$(inherited)",
					"@executable_path/Frameworks",
					"@loader_path/Frameworks",
				);
				PRODUCT_BUNDLE_IDENTIFIER = com.mikeorr.BullseyeTests;
				PRODUCT_NAME = "$(TARGET_NAME)";
				SWIFT_VERSION = 5.0;
				TARGETED_DEVICE_FAMILY = "1,2";
				TEST_HOST = "$(BUILT_PRODUCTS_DIR)/Bullseye.app/Bullseye";
			};
			name = Debug;
		};
		ACEF423127FB44000006104A /* Release */ = {
			isa = XCBuildConfiguration;
			buildSettings = {
				BUNDLE_LOADER = "$(TEST_HOST)";
				CODE_SIGN_STYLE = Automatic;
				INFOPLIST_FILE = BullseyeTests/Info.plist;
				LD_RUNPATH_SEARCH_PATHS = (
					"$(inherited)",
					"@executable_path/Frameworks",
					"@loader_path/Frameworks",
				);
				PRODUCT_BUNDLE_IDENTIFIER = com.mikeorr.BullseyeTests;
				PRODUCT_NAME = "$(TARGET_NAME)";
				SWIFT_VERSION = 5.0;
				TARGETED_DEVICE_FAMILY = "1,2";
				TEST_HOST = "$(BUILT_PRODUCTS_DIR)/Bullseye.app/Bullseye";
			};
			name = Release;
		};
/* End XCBuildConfiguration section */

/* Begin XCConfigurationList section */
		ACE962D927F4BFE000F07DE0 /* Build configuration list for PBXProject "Bullseye" */ = {
			isa = XCConfigurationList;
			buildConfigurations = (
				ACE962EB27F4BFE600F07DE0 /* Debug */,
				ACE962EC27F4BFE600F07DE0 /* Release */,
			);
			defaultConfigurationIsVisible = 0;
			defaultConfigurationName = Release;
		};
		ACE962ED27F4BFE600F07DE0 /* Build configuration list for PBXNativeTarget "Bullseye" */ = {
			isa = XCConfigurationList;
			buildConfigurations = (
				ACE962EE27F4BFE600F07DE0 /* Debug */,
				ACE962EF27F4BFE600F07DE0 /* Release */,
			);
			defaultConfigurationIsVisible = 0;
			defaultConfigurationName = Release;
		};
		ACEF423227FB44000006104A /* Build configuration list for PBXNativeTarget "BullseyeTests" */ = {
			isa = XCConfigurationList;
			buildConfigurations = (
				ACEF423027FB44000006104A /* Debug */,
				ACEF423127FB44000006104A /* Release */,
			);
			defaultConfigurationIsVisible = 0;
			defaultConfigurationName = Release;
		};
/* End XCConfigurationList section */
	};
	rootObject = ACE962D627F4BFE000F07DE0 /* Project object */;
}
